// !$*UTF8*$!
{
	archiveVersion = 1;
	classes = {
	};
	objectVersion = 46;
	objects = {

/* Begin PBXBuildFile section */
		58575CF51CECD80A00E66494 /* AppDelegate.swift in Sources */ = {isa = PBXBuildFile; fileRef = 58575CF41CECD80A00E66494 /* AppDelegate.swift */; };
		58575CF71CECD80A00E66494 /* ViewController.swift in Sources */ = {isa = PBXBuildFile; fileRef = 58575CF61CECD80A00E66494 /* ViewController.swift */; };
		58575CFA1CECD80A00E66494 /* Main.storyboard in Resources */ = {isa = PBXBuildFile; fileRef = 58575CF81CECD80A00E66494 /* Main.storyboard */; };
		58575CFC1CECD80A00E66494 /* Assets.xcassets in Resources */ = {isa = PBXBuildFile; fileRef = 58575CFB1CECD80A00E66494 /* Assets.xcassets */; };
		58575CFF1CECD80A00E66494 /* LaunchScreen.storyboard in Resources */ = {isa = PBXBuildFile; fileRef = 58575CFD1CECD80A00E66494 /* LaunchScreen.storyboard */; };
		58575D071CECD90200E66494 /* Character.swift in Sources */ = {isa = PBXBuildFile; fileRef = 58575D061CECD90200E66494 /* Character.swift */; };
		58575D091CECDA2500E66494 /* Player.swift in Sources */ = {isa = PBXBuildFile; fileRef = 58575D081CECDA2500E66494 /* Player.swift */; };
		58575D0B1CECDBBE00E66494 /* Enemy.swift in Sources */ = {isa = PBXBuildFile; fileRef = 58575D0A1CECDBBE00E66494 /* Enemy.swift */; };
		58575D0D1CECDCFB00E66494 /* Kimara.swift in Sources */ = {isa = PBXBuildFile; fileRef = 58575D0C1CECDCFB00E66494 /* Kimara.swift */; };
		58575D0F1CECDE0D00E66494 /* DevilWizard.swift in Sources */ = {isa = PBXBuildFile; fileRef = 58575D0E1CECDE0D00E66494 /* DevilWizard.swift */; };
/* End PBXBuildFile section */

/* Begin PBXFileReference section */
		58575CF11CECD80A00E66494 /* rpgoop.app */ = {isa = PBXFileReference; explicitFileType = wrapper.application; includeInIndex = 0; path = rpgoop.app; sourceTree = BUILT_PRODUCTS_DIR; };
		58575CF41CECD80A00E66494 /* AppDelegate.swift */ = {isa = PBXFileReference; lastKnownFileType = sourcecode.swift; path = AppDelegate.swift; sourceTree = "<group>"; };
		58575CF61CECD80A00E66494 /* ViewController.swift */ = {isa = PBXFileReference; lastKnownFileType = sourcecode.swift; path = ViewController.swift; sourceTree = "<group>"; };
		58575CF91CECD80A00E66494 /* Base */ = {isa = PBXFileReference; lastKnownFileType = file.storyboard; name = Base; path = Base.lproj/Main.storyboard; sourceTree = "<group>"; };
		58575CFB1CECD80A00E66494 /* Assets.xcassets */ = {isa = PBXFileReference; lastKnownFileType = folder.assetcatalog; path = Assets.xcassets; sourceTree = "<group>"; };
		58575CFE1CECD80A00E66494 /* Base */ = {isa = PBXFileReference; lastKnownFileType = file.storyboard; name = Base; path = Base.lproj/LaunchScreen.storyboard; sourceTree = "<group>"; };
		58575D001CECD80A00E66494 /* Info.plist */ = {isa = PBXFileReference; lastKnownFileType = text.plist.xml; path = Info.plist; sourceTree = "<group>"; };
		58575D061CECD90200E66494 /* Character.swift */ = {isa = PBXFileReference; fileEncoding = 4; lastKnownFileType = sourcecode.swift; path = Character.swift; sourceTree = "<group>"; };
		58575D081CECDA2500E66494 /* Player.swift */ = {isa = PBXFileReference; fileEncoding = 4; lastKnownFileType = sourcecode.swift; path = Player.swift; sourceTree = "<group>"; };
		58575D0A1CECDBBE00E66494 /* Enemy.swift */ = {isa = PBXFileReference; fileEncoding = 4; lastKnownFileType = sourcecode.swift; path = Enemy.swift; sourceTree = "<group>"; };
		58575D0C1CECDCFB00E66494 /* Kimara.swift */ = {isa = PBXFileReference; fileEncoding = 4; lastKnownFileType = sourcecode.swift; path = Kimara.swift; sourceTree = "<group>"; };
		58575D0E1CECDE0D00E66494 /* DevilWizard.swift */ = {isa = PBXFileReference; fileEncoding = 4; lastKnownFileType = sourcecode.swift; path = DevilWizard.swift; sourceTree = "<group>"; };
/* End PBXFileReference section */

/* Begin PBXFrameworksBuildPhase section */
		58575CEE1CECD80A00E66494 /* Frameworks */ = {
			isa = PBXFrameworksBuildPhase;
			buildActionMask = 2147483647;
			files = (
			);
			runOnlyForDeploymentPostprocessing = 0;
		};
/* End PBXFrameworksBuildPhase section */

/* Begin PBXGroup section */
		58575CE81CECD80A00E66494 = {
			isa = PBXGroup;
			children = (
				58575CF31CECD80A00E66494 /* rpgoop */,
				58575CF21CECD80A00E66494 /* Products */,
			);
			sourceTree = "<group>";
		};
		58575CF21CECD80A00E66494 /* Products */ = {
			isa = PBXGroup;
			children = (
				58575CF11CECD80A00E66494 /* rpgoop.app */,
			);
			name = Products;
			sourceTree = "<group>";
		};
		58575CF31CECD80A00E66494 /* rpgoop */ = {
			isa = PBXGroup;
			children = (
				58575CF41CECD80A00E66494 /* AppDelegate.swift */,
				58575CF61CECD80A00E66494 /* ViewController.swift */,
				58575CF81CECD80A00E66494 /* Main.storyboard */,
				58575CFB1CECD80A00E66494 /* Assets.xcassets */,
				58575CFD1CECD80A00E66494 /* LaunchScreen.storyboard */,
				58575D001CECD80A00E66494 /* Info.plist */,
				58575D061CECD90200E66494 /* Character.swift */,
				58575D081CECDA2500E66494 /* Player.swift */,
				58575D0A1CECDBBE00E66494 /* Enemy.swift */,
				58575D0C1CECDCFB00E66494 /* Kimara.swift */,
				58575D0E1CECDE0D00E66494 /* DevilWizard.swift */,
			);
			path = rpgoop;
			sourceTree = "<group>";
		};
/* End PBXGroup section */

/* Begin PBXNativeTarget section */
		58575CF01CECD80A00E66494 /* rpgoop */ = {
			isa = PBXNativeTarget;
			buildConfigurationList = 58575D031CECD80A00E66494 /* Build configuration list for PBXNativeTarget "rpgoop" */;
			buildPhases = (
				58575CED1CECD80A00E66494 /* Sources */,
				58575CEE1CECD80A00E66494 /* Frameworks */,
				58575CEF1CECD80A00E66494 /* Resources */,
			);
			buildRules = (
			);
			dependencies = (
			);
			name = rpgoop;
			productName = rpgoop;
			productReference = 58575CF11CECD80A00E66494 /* rpgoop.app */;
			productType = "com.apple.product-type.application";
		};
/* End PBXNativeTarget section */

/* Begin PBXProject section */
		58575CE91CECD80A00E66494 /* Project object */ = {
			isa = PBXProject;
			attributes = {
				LastSwiftUpdateCheck = 0730;
				LastUpgradeCheck = 0730;
				ORGANIZATIONNAME = RM;
				TargetAttributes = {
					58575CF01CECD80A00E66494 = {
						CreatedOnToolsVersion = 7.3.1;
						DevelopmentTeam = XD7G54ZSZ3;
					};
				};
			};
			buildConfigurationList = 58575CEC1CECD80A00E66494 /* Build configuration list for PBXProject "rpgoop" */;
			compatibilityVersion = "Xcode 3.2";
			developmentRegion = English;
			hasScannedForEncodings = 0;
			knownRegions = (
				en,
				Base,
			);
			mainGroup = 58575CE81CECD80A00E66494;
			productRefGroup = 58575CF21CECD80A00E66494 /* Products */;
			projectDirPath = "";
			projectRoot = "";
			targets = (
				58575CF01CECD80A00E66494 /* rpgoop */,
			);
		};
/* End PBXProject section */

/* Begin PBXResourcesBuildPhase section */
		58575CEF1CECD80A00E66494 /* Resources */ = {
			isa = PBXResourcesBuildPhase;
			buildActionMask = 2147483647;
			files = (
				58575CFF1CECD80A00E66494 /* LaunchScreen.storyboard in Resources */,
				58575CFC1CECD80A00E66494 /* Assets.xcassets in Resources */,
				58575CFA1CECD80A00E66494 /* Main.storyboard in Resources */,
			);
			runOnlyForDeploymentPostprocessing = 0;
		};
/* End PBXResourcesBuildPhase section */

/* Begin PBXSourcesBuildPhase section */
		58575CED1CECD80A00E66494 /* Sources */ = {
			isa = PBXSourcesBuildPhase;
			buildActionMask = 2147483647;
			files = (
				58575D091CECDA2500E66494 /* Player.swift in Sources */,
				58575D0D1CECDCFB00E66494 /* Kimara.swift in Sources */,
				58575D0F1CECDE0D00E66494 /* DevilWizard.swift in Sources */,
				58575D0B1CECDBBE00E66494 /* Enemy.swift in Sources */,
				58575D071CECD90200E66494 /* Character.swift in Sources */,
				58575CF71CECD80A00E66494 /* ViewController.swift in Sources */,
				58575CF51CECD80A00E66494 /* AppDelegate.swift in Sources */,
			);
			runOnlyForDeploymentPostprocessing = 0;
		};
/* End PBXSourcesBuildPhase section */

/* Begin PBXVariantGroup section */
		58575CF81CECD80A00E66494 /* Main.storyboard */ = {
			isa = PBXVariantGroup;
			children = (
				58575CF91CECD80A00E66494 /* Base */,
			);
			name = Main.storyboard;
			sourceTree = "<group>";
		};
		58575CFD1CECD80A00E66494 /* LaunchScreen.storyboard */ = {
			isa = PBXVariantGroup;
			children = (
				58575CFE1CECD80A00E66494 /* Base */,
			);
			name = LaunchScreen.storyboard;
			sourceTree = "<group>";
		};
/* End PBXVariantGroup section */

/* Begin XCBuildConfiguration section */
		58575D011CECD80A00E66494 /* Debug */ = {
			isa = XCBuildConfiguration;
			buildSettings = {
				ALWAYS_SEARCH_USER_PATHS = NO;
				CLANG_ANALYZER_NONNULL = YES;
				CLANG_CXX_LANGUAGE_STANDARD = "gnu++0x";
				CLANG_CXX_LIBRARY = "libc++";
				CLANG_ENABLE_MODULES = YES;
				CLANG_ENABLE_OBJC_ARC = YES;
				CLANG_WARN_BOOL_CONVERSION = YES;
				CLANG_WARN_CONSTANT_CONVERSION = YES;
				CLANG_WARN_DIRECT_OBJC_ISA_USAGE = YES_ERROR;
				CLANG_WARN_EMPTY_BODY = YES;
				CLANG_WARN_ENUM_CONVERSION = YES;
				CLANG_WARN_INT_CONVERSION = YES;
				CLANG_WARN_OBJC_ROOT_CLASS = YES_ERROR;
				CLANG_WARN_UNREACHABLE_CODE = YES;
				CLANG_WARN__DUPLICATE_METHOD_MATCH = YES;
				"CODE_SIGN_IDENTITY[sdk=iphoneos*]" = "iPhone Developer";
				COPY_PHASE_STRIP = NO;
				DEBUG_INFORMATION_FORMAT = dwarf;
				ENABLE_STRICT_OBJC_MSGSEND = YES;
				ENABLE_TESTABILITY = YES;
				GCC_C_LANGUAGE_STANDARD = gnu99;
				GCC_DYNAMIC_NO_PIC = NO;
				GCC_NO_COMMON_BLOCKS = YES;
				GCC_OPTIMIZATION_LEVEL = 0;
				GCC_PREPROCESSOR_DEFINITIONS = (
					"DEBUG=1",
					"$(inherited)",
				);
				GCC_WARN_64_TO_32_BIT_CONVERSION = YES;
				GCC_WARN_ABOUT_RETURN_TYPE = YES_ERROR;
				GCC_WARN_UNDECLARED_SELECTOR = YES;
				GCC_WARN_UNINITIALIZED_AUTOS = YES_AGGRESSIVE;
				GCC_WARN_UNUSED_FUNCTION = YES;
				GCC_WARN_UNUSED_VARIABLE = YES;
				IPHONEOS_DEPLOYMENT_TARGET = 9.3;
				MTL_ENABLE_DEBUG_INFO = YES;
				ONLY_ACTIVE_ARCH = YES;
				SDKROOT = iphoneos;
				SWIFT_OPTIMIZATION_LEVEL = "-Onone";
				TARGETED_DEVICE_FAMILY = "1,2";
			};
			name = Debug;
		};
		58575D021CECD80A00E66494 /* Release */ = {
			isa = XCBuildConfiguration;
			buildSettings = {
				ALWAYS_SEARCH_USER_PATHS = NO;
				CLANG_ANALYZER_NONNULL = YES;
				CLANG_CXX_LANGUAGE_STANDARD = "gnu++0x";
				CLANG_CXX_LIBRARY = "libc++";
				CLANG_ENABLE_MODULES = YES;
				CLANG_ENABLE_OBJC_ARC = YES;
				CLANG_WARN_BOOL_CONVERSION = YES;
				CLANG_WARN_CONSTANT_CONVERSION = YES;
				CLANG_WARN_DIRECT_OBJC_ISA_USAGE = YES_ERROR;
				CLANG_WARN_EMPTY_BODY = YES;
				CLANG_WARN_ENUM_CONVERSION = YES;
				CLANG_WARN_INT_CONVERSION = YES;
				CLANG_WARN_OBJC_ROOT_CLASS = YES_ERROR;
				CLANG_WARN_UNREACHABLE_CODE = YES;
				CLANG_WARN__DUPLICATE_METHOD_MATCH = YES;
				"CODE_SIGN_IDENTITY[sdk=iphoneos*]" = "iPhone Developer";
				COPY_PHASE_STRIP = NO;
				DEBUG_INFORMATION_FORMAT = "dwarf-with-dsym";
				ENABLE_NS_ASSERTIONS = NO;
				ENABLE_STRICT_OBJC_MSGSEND = YES;
				GCC_C_LANGUAGE_STANDARD = gnu99;
				GCC_NO_COMMON_BLOCKS = YES;
				GCC_WARN_64_TO_32_BIT_CONVERSION = YES;
				GCC_WARN_ABOUT_RETURN_TYPE = YES_ERROR;
				GCC_WARN_UNDECLARED_SELECTOR = YES;
				GCC_WARN_UNINITIALIZED_AUTOS = YES_AGGRESSIVE;
				GCC_WARN_UNUSED_FUNCTION = YES;
				GCC_WARN_UNUSED_VARIABLE = YES;
				IPHONEOS_DEPLOYMENT_TARGET = 9.3;
				MTL_ENABLE_DEBUG_INFO = NO;
				SDKROOT = iphoneos;
				TARGETED_DEVICE_FAMILY = "1,2";
				VALIDATE_PRODUCT = YES;
			};
			name = Release;
		};
		58575D041CECD80A00E66494 /* Debug */ = {
			isa = XCBuildConfiguration;
			buildSettings = {
				ASSETCATALOG_COMPILER_APPICON_NAME = AppIcon;
				INFOPLIST_FILE = rpgoop/Info.plist;
				LD_RUNPATH_SEARCH_PATHS = "$(inherited) @executable_path/Frameworks";
				PRODUCT_BUNDLE_IDENTIFIER = com.rm.rpgoop;
				PRODUCT_NAME = "$(TARGET_NAME)";
			};
			name = Debug;
		};
		58575D051CECD80A00E66494 /* Release */ = {
			isa = XCBuildConfiguration;
			buildSettings = {
				ASSETCATALOG_COMPILER_APPICON_NAME = AppIcon;
				INFOPLIST_FILE = rpgoop/Info.plist;
				LD_RUNPATH_SEARCH_PATHS = "$(inherited) @executable_path/Frameworks";
				PRODUCT_BUNDLE_IDENTIFIER = com.rm.rpgoop;
				PRODUCT_NAME = "$(TARGET_NAME)";
			};
			name = Release;
		};
/* End XCBuildConfiguration section */

/* Begin XCConfigurationList section */
		58575CEC1CECD80A00E66494 /* Build configuration list for PBXProject "rpgoop" */ = {
			isa = XCConfigurationList;
			buildConfigurations = (
				58575D011CECD80A00E66494 /* Debug */,
				58575D021CECD80A00E66494 /* Release */,
			);
			defaultConfigurationIsVisible = 0;
			defaultConfigurationName = Release;
		};
		58575D031CECD80A00E66494 /* Build configuration list for PBXNativeTarget "rpgoop" */ = {
			isa = XCConfigurationList;
			buildConfigurations = (
				58575D041CECD80A00E66494 /* Debug */,
				58575D051CECD80A00E66494 /* Release */,
			);
			defaultConfigurationIsVisible = 0;
		};
/* End XCConfigurationList section */
	};
	rootObject = 58575CE91CECD80A00E66494 /* Project object */;
}
